
Microsoft Visual Studio Solution File, Format Version 12.00
# Visual Studio 15
VisualStudioVersion = 15.0.28307.852
MinimumVisualStudioVersion = 10.0.40219.1
Project("{FAE04EC0-301F-11D3-BF4B-00C04F79EFBC}") = "ReadAllText", "ReadAllText\ReadAllText.csproj", "{CE8F86E6-07A5-49C8-9E16-E2CD5B7AA2A5}"
EndProject
Project("{FAE04EC0-301F-11D3-BF4B-00C04F79EFBC}") = "FileCreate", "FileCreate\FileCreate.csproj", "{808656C3-FF02-45F5-8D11-45AB8D6FF6B0}"
EndProject
Project("{FAE04EC0-301F-11D3-BF4B-00C04F79EFBC}") = "WriteAllText", "WriteAllText\WriteAllText.csproj", "{02D2784C-31F3-4951-9273-4A5D4DF7AC41}"
EndProject
Project("{FAE04EC0-301F-11D3-BF4B-00C04F79EFBC}") = "ReadAllBytes", "ReadAllBytes\ReadAllBytes.csproj", "{5C0FDD51-37DD-4440-9B71-84A748AFAB82}"
EndProject
Project("{FAE04EC0-301F-11D3-BF4B-00C04F79EFBC}") = "ReadAllLines", "ReadAllLines\ReadAllLines.csproj", "{83BDE9BA-A3AD-4A84-BE50-ECF26FC05A52}"
EndProject
Project("{FAE04EC0-301F-11D3-BF4B-00C04F79EFBC}") = "WriteAllLines", "WriteAllLines\WriteAllLines.csproj", "{B0906D93-721B-4473-AC37-F85AAD8ABC69}"
EndProject
Project("{FAE04EC0-301F-11D3-BF4B-00C04F79EFBC}") = "WriteAllBytes", "WriteAllBytes\WriteAllBytes.csproj", "{EE797E7D-AEF6-4035-82D0-B508AF6A2314}"
EndProject
Global
	GlobalSection(SolutionConfigurationPlatforms) = preSolution
		Debug|Any CPU = Debug|Any CPU
		Release|Any CPU = Release|Any CPU
	EndGlobalSection
	GlobalSection(ProjectConfigurationPlatforms) = postSolution
		{CE8F86E6-07A5-49C8-9E16-E2CD5B7AA2A5}.Debug|Any CPU.ActiveCfg = Debug|Any CPU
		{CE8F86E6-07A5-49C8-9E16-E2CD5B7AA2A5}.Debug|Any CPU.Build.0 = Debug|Any CPU
		{CE8F86E6-07A5-49C8-9E16-E2CD5B7AA2A5}.Release|Any CPU.ActiveCfg = Release|Any CPU
		{CE8F86E6-07A5-49C8-9E16-E2CD5B7AA2A5}.Release|Any CPU.Build.0 = Release|Any CPU
		{808656C3-FF02-45F5-8D11-45AB8D6FF6B0}.Debug|Any CPU.ActiveCfg = Debug|Any CPU
		{808656C3-FF02-45F5-8D11-45AB8D6FF6B0}.Debug|Any CPU.Build.0 = Debug|Any CPU
		{808656C3-FF02-45F5-8D11-45AB8D6FF6B0}.Release|Any CPU.ActiveCfg = Release|Any CPU
		{808656C3-FF02-45F5-8D11-45AB8D6FF6B0}.Release|Any CPU.Build.0 = Release|Any CPU
		{02D2784C-31F3-4951-9273-4A5D4DF7AC41}.Debug|Any CPU.ActiveCfg = Debug|Any CPU
		{02D2784C-31F3-4951-9273-4A5D4DF7AC41}.Debug|Any CPU.Build.0 = Debug|Any CPU
		{02D2784C-31F3-4951-9273-4A5D4DF7AC41}.Release|Any CPU.ActiveCfg = Release|Any CPU
		{02D2784C-31F3-4951-9273-4A5D4DF7AC41}.Release|Any CPU.Build.0 = Release|Any CPU
		{5C0FDD51-37DD-4440-9B71-84A748AFAB82}.Debug|Any CPU.ActiveCfg = Debug|Any CPU
		{5C0FDD51-37DD-4440-9B71-84A748AFAB82}.Debug|Any CPU.Build.0 = Debug|Any CPU
		{5C0FDD51-37DD-4440-9B71-84A748AFAB82}.Release|Any CPU.ActiveCfg = Release|Any CPU
		{5C0FDD51-37DD-4440-9B71-84A748AFAB82}.Release|Any CPU.Build.0 = Release|Any CPU
		{83BDE9BA-A3AD-4A84-BE50-ECF26FC05A52}.Debug|Any CPU.ActiveCfg = Debug|Any CPU
		{83BDE9BA-A3AD-4A84-BE50-ECF26FC05A52}.Debug|Any CPU.Build.0 = Debug|Any CPU
		{83BDE9BA-A3AD-4A84-BE50-ECF26FC05A52}.Release|Any CPU.ActiveCfg = Release|Any CPU
		{83BDE9BA-A3AD-4A84-BE50-ECF26FC05A52}.Release|Any CPU.Build.0 = Release|Any CPU
		{B0906D93-721B-4473-AC37-F85AAD8ABC69}.Debug|Any CPU.ActiveCfg = Debug|Any CPU
		{B0906D93-721B-4473-AC37-F85AAD8ABC69}.Debug|Any CPU.Build.0 = Debug|Any CPU
		{B0906D93-721B-4473-AC37-F85AAD8ABC69}.Release|Any CPU.ActiveCfg = Release|Any CPU
		{B0906D93-721B-4473-AC37-F85AAD8ABC69}.Release|Any CPU.Build.0 = Release|Any CPU
		{EE797E7D-AEF6-4035-82D0-B508AF6A2314}.Debug|Any CPU.ActiveCfg = Debug|Any CPU
		{EE797E7D-AEF6-4035-82D0-B508AF6A2314}.Debug|Any CPU.Build.0 = Debug|Any CPU
		{EE797E7D-AEF6-4035-82D0-B508AF6A2314}.Release|Any CPU.ActiveCfg = Release|Any CPU
		{EE797E7D-AEF6-4035-82D0-B508AF6A2314}.Release|Any CPU.Build.0 = Release|Any CPU
	EndGlobalSection
	GlobalSection(SolutionProperties) = preSolution
		HideSolutionNode = FALSE
	EndGlobalSection
	GlobalSection(ExtensibilityGlobals) = postSolution
		SolutionGuid = {B9561CF5-234E-4F14-9866-5140130F4453}
	EndGlobalSection
EndGlobal
